
Microsoft Visual Studio Solution File, Format Version 12.00
# Visual Studio 15
VisualStudioVersion = 15.0.27004.2010
MinimumVisualStudioVersion = 10.0.40219.1
Project("{F2A71F9B-5D33-465A-A702-920D77279786}") = "AdventOfCode", "AdventOfCode\AdventOfCode.fsproj", "{59360D01-4EC0-4779-B943-D5C10E096EAD}"
EndProject
Global
	GlobalSection(SolutionConfigurationPlatforms) = preSolution
		Debug|Any CPU = Debug|Any CPU
		Release|Any CPU = Release|Any CPU
	EndGlobalSection
	GlobalSection(ProjectConfigurationPlatforms) = postSolution
		{59360D01-4EC0-4779-B943-D5C10E096EAD}.Debug|Any CPU.ActiveCfg = Debug|Any CPU
		{59360D01-4EC0-4779-B943-D5C10E096EAD}.Debug|Any CPU.Build.0 = Debug|Any CPU
		{59360D01-4EC0-4779-B943-D5C10E096EAD}.Release|Any CPU.ActiveCfg = Release|Any CPU
		{59360D01-4EC0-4779-B943-D5C10E096EAD}.Release|Any CPU.Build.0 = Release|Any CPU
	EndGlobalSection
	GlobalSection(SolutionProperties) = preSolution
		HideSolutionNode = FALSE
	EndGlobalSection
	GlobalSection(ExtensibilityGlobals) = postSolution
		SolutionGuid = {71F9BB47-D631-4DFC-A7B9-1F05C185ADED}
	EndGlobalSection
EndGlobal
